Microsoft Visual Studio Solution File, Format Version 12.00
# Visual Studio Version 17
VisualStudioVersion = 17.5.2.0
MinimumVisualStudioVersion = 10.0.40219.1
Project("{FAE04EC0-301F-11D3-BF4B-00C04F79EFBC}") = "my_expo_appapi", "my_expo_appapi.csproj", "{59969EB2-8981-9317-7924-382ED0F53615}"
EndProject
Global
	GlobalSection(SolutionConfigurationPlatforms) = preSolution
		Debug|Any CPU = Debug|Any CPU
		Release|Any CPU = Release|Any CPU
	EndGlobalSection
	GlobalSection(ProjectConfigurationPlatforms) = postSolution
		{59969EB2-8981-9317-7924-382ED0F53615}.Debug|Any CPU.ActiveCfg = Debug|Any CPU
		{59969EB2-8981-9317-7924-382ED0F53615}.Debug|Any CPU.Build.0 = Debug|Any CPU
		{59969EB2-8981-9317-7924-382ED0F53615}.Release|Any CPU.ActiveCfg = Release|Any CPU
		{59969EB2-8981-9317-7924-382ED0F53615}.Release|Any CPU.Build.0 = Release|Any CPU
	EndGlobalSection
	GlobalSection(SolutionProperties) = preSolution
		HideSolutionNode = FALSE
	EndGlobalSection
	GlobalSection(ExtensibilityGlobals) = postSolution
		SolutionGuid = {7A2C07DC-37DD-4A53-87F6-BA66F2DEE9D4}
	EndGlobalSection
EndGlobal
